// !$*UTF8*$!
{
	archiveVersion = 1;
	classes = {
	};
	objectVersion = 50;
	objects = {

/* Begin PBXBuildFile section */
		D303AA4C24181D8700AB8482 /* AppDelegate.swift in Sources */ = {isa = PBXBuildFile; fileRef = D303AA4B24181D8700AB8482 /* AppDelegate.swift */; };
		D303AA4E24181D8700AB8482 /* SceneDelegate.swift in Sources */ = {isa = PBXBuildFile; fileRef = D303AA4D24181D8700AB8482 /* SceneDelegate.swift */; };
		D303AA5024181D8700AB8482 /* ContentView.swift in Sources */ = {isa = PBXBuildFile; fileRef = D303AA4F24181D8700AB8482 /* ContentView.swift */; };
		D303AA5224181D8E00AB8482 /* Assets.xcassets in Resources */ = {isa = PBXBuildFile; fileRef = D303AA5124181D8E00AB8482 /* Assets.xcassets */; };
		D303AA5524181D8E00AB8482 /* Preview Assets.xcassets in Resources */ = {isa = PBXBuildFile; fileRef = D303AA5424181D8E00AB8482 /* Preview Assets.xcassets */; };
		D303AA5824181D8E00AB8482 /* LaunchScreen.storyboard in Resources */ = {isa = PBXBuildFile; fileRef = D303AA5624181D8E00AB8482 /* LaunchScreen.storyboard */; };
		D303AA6324181D8F00AB8482 /* Cal2Tests.swift in Sources */ = {isa = PBXBuildFile; fileRef = D303AA6224181D8F00AB8482 /* Cal2Tests.swift */; };
		D303AA6E24181D8F00AB8482 /* Cal2UITests.swift in Sources */ = {isa = PBXBuildFile; fileRef = D303AA6D24181D8F00AB8482 /* Cal2UITests.swift */; };
		D36E106B241C30FD00DF1965 /* Calculator.swift in Sources */ = {isa = PBXBuildFile; fileRef = D36E106A241C30FD00DF1965 /* Calculator.swift */; };
		D36E106D241C318400DF1965 /* CalculatorButtonView.swift in Sources */ = {isa = PBXBuildFile; fileRef = D36E106C241C318400DF1965 /* CalculatorButtonView.swift */; };
		D36E1072241C328D00DF1965 /* Buttons.swift in Sources */ = {isa = PBXBuildFile; fileRef = D36E1071241C328D00DF1965 /* Buttons.swift */; };
/* End PBXBuildFile section */

/* Begin PBXContainerItemProxy section */
		D303AA5F24181D8F00AB8482 /* PBXContainerItemProxy */ = {
			isa = PBXContainerItemProxy;
			containerPortal = D303AA4024181D8700AB8482 /* Project object */;
			proxyType = 1;
			remoteGlobalIDString = D303AA4724181D8700AB8482;
			remoteInfo = Cal2;
		};
		D303AA6A24181D8F00AB8482 /* PBXContainerItemProxy */ = {
			isa = PBXContainerItemProxy;
			containerPortal = D303AA4024181D8700AB8482 /* Project object */;
			proxyType = 1;
			remoteGlobalIDString = D303AA4724181D8700AB8482;
			remoteInfo = Cal2;
		};
/* End PBXContainerItemProxy section */

/* Begin PBXFileReference section */
		D303AA4824181D8700AB8482 /* Cal2.app */ = {isa = PBXFileReference; explicitFileType = wrapper.application; includeInIndex = 0; path = Cal2.app; sourceTree = BUILT_PRODUCTS_DIR; };
		D303AA4B24181D8700AB8482 /* AppDelegate.swift */ = {isa = PBXFileReference; lastKnownFileType = sourcecode.swift; path = AppDelegate.swift; sourceTree = "<group>"; };
		D303AA4D24181D8700AB8482 /* SceneDelegate.swift */ = {isa = PBXFileReference; lastKnownFileType = sourcecode.swift; path = SceneDelegate.swift; sourceTree = "<group>"; };
		D303AA4F24181D8700AB8482 /* ContentView.swift */ = {isa = PBXFileReference; lastKnownFileType = sourcecode.swift; path = ContentView.swift; sourceTree = "<group>"; };
		D303AA5124181D8E00AB8482 /* Assets.xcassets */ = {isa = PBXFileReference; lastKnownFileType = folder.assetcatalog; path = Assets.xcassets; sourceTree = "<group>"; };
		D303AA5424181D8E00AB8482 /* Preview Assets.xcassets */ = {isa = PBXFileReference; lastKnownFileType = folder.assetcatalog; path = "Preview Assets.xcassets"; sourceTree = "<group>"; };
		D303AA5724181D8E00AB8482 /* Base */ = {isa = PBXFileReference; lastKnownFileType = file.storyboard; name = Base; path = Base.lproj/LaunchScreen.storyboard; sourceTree = "<group>"; };
		D303AA5924181D8E00AB8482 /* Info.plist */ = {isa = PBXFileReference; lastKnownFileType = text.plist.xml; path = Info.plist; sourceTree = "<group>"; };
		D303AA5E24181D8F00AB8482 /* Cal2Tests.xctest */ = {isa = PBXFileReference; explicitFileType = wrapper.cfbundle; includeInIndex = 0; path = Cal2Tests.xctest; sourceTree = BUILT_PRODUCTS_DIR; };
		D303AA6224181D8F00AB8482 /* Cal2Tests.swift */ = {isa = PBXFileReference; lastKnownFileType = sourcecode.swift; path = Cal2Tests.swift; sourceTree = "<group>"; };
		D303AA6424181D8F00AB8482 /* Info.plist */ = {isa = PBXFileReference; lastKnownFileType = text.plist.xml; path = Info.plist; sourceTree = "<group>"; };
		D303AA6924181D8F00AB8482 /* Cal2UITests.xctest */ = {isa = PBXFileReference; explicitFileType = wrapper.cfbundle; includeInIndex = 0; path = Cal2UITests.xctest; sourceTree = BUILT_PRODUCTS_DIR; };
		D303AA6D24181D8F00AB8482 /* Cal2UITests.swift */ = {isa = PBXFileReference; lastKnownFileType = sourcecode.swift; path = Cal2UITests.swift; sourceTree = "<group>"; };
		D303AA6F24181D8F00AB8482 /* Info.plist */ = {isa = PBXFileReference; lastKnownFileType = text.plist.xml; path = Info.plist; sourceTree = "<group>"; };
		D36E106A241C30FD00DF1965 /* Calculator.swift */ = {isa = PBXFileReference; lastKnownFileType = sourcecode.swift; path = Calculator.swift; sourceTree = "<group>"; };
		D36E106C241C318400DF1965 /* CalculatorButtonView.swift */ = {isa = PBXFileReference; lastKnownFileType = sourcecode.swift; path = CalculatorButtonView.swift; sourceTree = "<group>"; };
		D36E1071241C328D00DF1965 /* Buttons.swift */ = {isa = PBXFileReference; lastKnownFileType = sourcecode.swift; path = Buttons.swift; sourceTree = "<group>"; };
/* End PBXFileReference section */

/* Begin PBXFrameworksBuildPhase section */
		D303AA4524181D8700AB8482 /* Frameworks */ = {
			isa = PBXFrameworksBuildPhase;
			buildActionMask = 2147483647;
			files = (
			);
			runOnlyForDeploymentPostprocessing = 0;
		};
		D303AA5B24181D8F00AB8482 /* Frameworks */ = {
			isa = PBXFrameworksBuildPhase;
			buildActionMask = 2147483647;
			files = (
			);
			runOnlyForDeploymentPostprocessing = 0;
		};
		D303AA6624181D8F00AB8482 /* Frameworks */ = {
			isa = PBXFrameworksBuildPhase;
			buildActionMask = 2147483647;
			files = (
			);
			runOnlyForDeploymentPostprocessing = 0;
		};
/* End PBXFrameworksBuildPhase section */

/* Begin PBXGroup section */
		D303AA3F24181D8700AB8482 = {
			isa = PBXGroup;
			children = (
				D303AA4A24181D8700AB8482 /* Cal2 */,
				D303AA6124181D8F00AB8482 /* Cal2Tests */,
				D303AA6C24181D8F00AB8482 /* Cal2UITests */,
				D303AA4924181D8700AB8482 /* Products */,
			);
			sourceTree = "<group>";
		};
		D303AA4924181D8700AB8482 /* Products */ = {
			isa = PBXGroup;
			children = (
				D303AA4824181D8700AB8482 /* Cal2.app */,
				D303AA5E24181D8F00AB8482 /* Cal2Tests.xctest */,
				D303AA6924181D8F00AB8482 /* Cal2UITests.xctest */,
			);
			name = Products;
			sourceTree = "<group>";
		};
		D303AA4A24181D8700AB8482 /* Cal2 */ = {
			isa = PBXGroup;
			children = (
				D36E1070241C325B00DF1965 /* Controller */,
				D36E106E241C322300DF1965 /* Model */,
				D303AA4B24181D8700AB8482 /* AppDelegate.swift */,
				D303AA4D24181D8700AB8482 /* SceneDelegate.swift */,
				D36E106F241C323A00DF1965 /* View */,
				D303AA5124181D8E00AB8482 /* Assets.xcassets */,
				D303AA5624181D8E00AB8482 /* LaunchScreen.storyboard */,
				D303AA5924181D8E00AB8482 /* Info.plist */,
				D303AA5324181D8E00AB8482 /* Preview Content */,
			);
			path = Cal2;
			sourceTree = "<group>";
		};
		D303AA5324181D8E00AB8482 /* Preview Content */ = {
			isa = PBXGroup;
			children = (
				D303AA5424181D8E00AB8482 /* Preview Assets.xcassets */,
			);
			path = "Preview Content";
			sourceTree = "<group>";
		};
		D303AA6124181D8F00AB8482 /* Cal2Tests */ = {
			isa = PBXGroup;
			children = (
				D303AA6224181D8F00AB8482 /* Cal2Tests.swift */,
				D303AA6424181D8F00AB8482 /* Info.plist */,
			);
			path = Cal2Tests;
			sourceTree = "<group>";
		};
		D303AA6C24181D8F00AB8482 /* Cal2UITests */ = {
			isa = PBXGroup;
			children = (
				D303AA6D24181D8F00AB8482 /* Cal2UITests.swift */,
				D303AA6F24181D8F00AB8482 /* Info.plist */,
			);
			path = Cal2UITests;
			sourceTree = "<group>";
		};
		D36E106E241C322300DF1965 /* Model */ = {
			isa = PBXGroup;
			children = (
				D36E1071241C328D00DF1965 /* Buttons.swift */,
			);
			path = Model;
			sourceTree = "<group>";
		};
		D36E106F241C323A00DF1965 /* View */ = {
			isa = PBXGroup;
			children = (
				D303AA4F24181D8700AB8482 /* ContentView.swift */,
				D36E106C241C318400DF1965 /* CalculatorButtonView.swift */,
			);
			path = View;
			sourceTree = "<group>";
		};
		D36E1070241C325B00DF1965 /* Controller */ = {
			isa = PBXGroup;
			children = (
				D36E106A241C30FD00DF1965 /* Calculator.swift */,
			);
			path = Controller;
			sourceTree = "<group>";
		};
/* End PBXGroup section */

/* Begin PBXNativeTarget section */
		D303AA4724181D8700AB8482 /* Cal2 */ = {
			isa = PBXNativeTarget;
			buildConfigurationList = D303AA7224181D8F00AB8482 /* Build configuration list for PBXNativeTarget "Cal2" */;
			buildPhases = (
				D303AA4424181D8700AB8482 /* Sources */,
				D303AA4524181D8700AB8482 /* Frameworks */,
				D303AA4624181D8700AB8482 /* Resources */,
			);
			buildRules = (
			);
			dependencies = (
			);
			name = Cal2;
			productName = Cal2;
			productReference = D303AA4824181D8700AB8482 /* Cal2.app */;
			productType = "com.apple.product-type.application";
		};
		D303AA5D24181D8F00AB8482 /* Cal2Tests */ = {
			isa = PBXNativeTarget;
			buildConfigurationList = D303AA7524181D8F00AB8482 /* Build configuration list for PBXNativeTarget "Cal2Tests" */;
			buildPhases = (
				D303AA5A24181D8F00AB8482 /* Sources */,
				D303AA5B24181D8F00AB8482 /* Frameworks */,
				D303AA5C24181D8F00AB8482 /* Resources */,
			);
			buildRules = (
			);
			dependencies = (
				D303AA6024181D8F00AB8482 /* PBXTargetDependency */,
			);
			name = Cal2Tests;
			productName = Cal2Tests;
			productReference = D303AA5E24181D8F00AB8482 /* Cal2Tests.xctest */;
			productType = "com.apple.product-type.bundle.unit-test";
		};
		D303AA6824181D8F00AB8482 /* Cal2UITests */ = {
			isa = PBXNativeTarget;
			buildConfigurationList = D303AA7824181D8F00AB8482 /* Build configuration list for PBXNativeTarget "Cal2UITests" */;
			buildPhases = (
				D303AA6524181D8F00AB8482 /* Sources */,
				D303AA6624181D8F00AB8482 /* Frameworks */,
				D303AA6724181D8F00AB8482 /* Resources */,
			);
			buildRules = (
			);
			dependencies = (
				D303AA6B24181D8F00AB8482 /* PBXTargetDependency */,
			);
			name = Cal2UITests;
			productName = Cal2UITests;
			productReference = D303AA6924181D8F00AB8482 /* Cal2UITests.xctest */;
			productType = "com.apple.product-type.bundle.ui-testing";
		};
/* End PBXNativeTarget section */

/* Begin PBXProject section */
		D303AA4024181D8700AB8482 /* Project object */ = {
			isa = PBXProject;
			attributes = {
				LastSwiftUpdateCheck = 1130;
				LastUpgradeCheck = 1130;
				ORGANIZATIONNAME = "김종원";
				TargetAttributes = {
					D303AA4724181D8700AB8482 = {
						CreatedOnToolsVersion = 11.3.1;
					};
					D303AA5D24181D8F00AB8482 = {
						CreatedOnToolsVersion = 11.3.1;
						TestTargetID = D303AA4724181D8700AB8482;
					};
					D303AA6824181D8F00AB8482 = {
						CreatedOnToolsVersion = 11.3.1;
						TestTargetID = D303AA4724181D8700AB8482;
					};
				};
			};
			buildConfigurationList = D303AA4324181D8700AB8482 /* Build configuration list for PBXProject "Cal2" */;
			compatibilityVersion = "Xcode 9.3";
			developmentRegion = en;
			hasScannedForEncodings = 0;
			knownRegions = (
				en,
				Base,
			);
			mainGroup = D303AA3F24181D8700AB8482;
			productRefGroup = D303AA4924181D8700AB8482 /* Products */;
			projectDirPath = "";
			projectRoot = "";
			targets = (
				D303AA4724181D8700AB8482 /* Cal2 */,
				D303AA5D24181D8F00AB8482 /* Cal2Tests */,
				D303AA6824181D8F00AB8482 /* Cal2UITests */,
			);
		};
/* End PBXProject section */

/* Begin PBXResourcesBuildPhase section */
		D303AA4624181D8700AB8482 /* Resources */ = {
			isa = PBXResourcesBuildPhase;
			buildActionMask = 2147483647;
			files = (
				D303AA5824181D8E00AB8482 /* LaunchScreen.storyboard in Resources */,
				D303AA5524181D8E00AB8482 /* Preview Assets.xcassets in Resources */,
				D303AA5224181D8E00AB8482 /* Assets.xcassets in Resources */,
			);
			runOnlyForDeploymentPostprocessing = 0;
		};
		D303AA5C24181D8F00AB8482 /* Resources */ = {
			isa = PBXResourcesBuildPhase;
			buildActionMask = 2147483647;
			files = (
			);
			runOnlyForDeploymentPostprocessing = 0;
		};
		D303AA6724181D8F00AB8482 /* Resources */ = {
			isa = PBXResourcesBuildPhase;
			buildActionMask = 2147483647;
			files = (
			);
			runOnlyForDeploymentPostprocessing = 0;
		};
/* End PBXResourcesBuildPhase section */

/* Begin PBXSourcesBuildPhase section */
		D303AA4424181D8700AB8482 /* Sources */ = {
			isa = PBXSourcesBuildPhase;
			buildActionMask = 2147483647;
			files = (
				D36E106D241C318400DF1965 /* CalculatorButtonView.swift in Sources */,
				D303AA4C24181D8700AB8482 /* AppDelegate.swift in Sources */,
				D36E106B241C30FD00DF1965 /* Calculator.swift in Sources */,
				D36E1072241C328D00DF1965 /* Buttons.swift in Sources */,
				D303AA4E24181D8700AB8482 /* SceneDelegate.swift in Sources */,
				D303AA5024181D8700AB8482 /* ContentView.swift in Sources */,
			);
			runOnlyForDeploymentPostprocessing = 0;
		};
		D303AA5A24181D8F00AB8482 /* Sources */ = {
			isa = PBXSourcesBuildPhase;
			buildActionMask = 2147483647;
			files = (
				D303AA6324181D8F00AB8482 /* Cal2Tests.swift in Sources */,
			);
			runOnlyForDeploymentPostprocessing = 0;
		};
		D303AA6524181D8F00AB8482 /* Sources */ = {
			isa = PBXSourcesBuildPhase;
			buildActionMask = 2147483647;
			files = (
				D303AA6E24181D8F00AB8482 /* Cal2UITests.swift in Sources */,
			);
			runOnlyForDeploymentPostprocessing = 0;
		};
/* End PBXSourcesBuildPhase section */

/* Begin PBXTargetDependency section */
		D303AA6024181D8F00AB8482 /* PBXTargetDependency */ = {
			isa = PBXTargetDependency;
			target = D303AA4724181D8700AB8482 /* Cal2 */;
			targetProxy = D303AA5F24181D8F00AB8482 /* PBXContainerItemProxy */;
		};
		D303AA6B24181D8F00AB8482 /* PBXTargetDependency */ = {
			isa = PBXTargetDependency;
			target = D303AA4724181D8700AB8482 /* Cal2 */;
			targetProxy = D303AA6A24181D8F00AB8482 /* PBXContainerItemProxy */;
		};
/* End PBXTargetDependency section */

/* Begin PBXVariantGroup section */
		D303AA5624181D8E00AB8482 /* LaunchScreen.storyboard */ = {
			isa = PBXVariantGroup;
			children = (
				D303AA5724181D8E00AB8482 /* Base */,
			);
			name = LaunchScreen.storyboard;
			sourceTree = "<group>";
		};
/* End PBXVariantGroup section */

/* Begin XCBuildConfiguration section */
		D303AA7024181D8F00AB8482 /* Debug */ = {
			isa = XCBuildConfiguration;
			buildSettings = {
				ALWAYS_SEARCH_USER_PATHS = NO;
				CLANG_ANALYZER_NONNULL = YES;
				CLANG_ANALYZER_NUMBER_OBJECT_CONVERSION = YES_AGGRESSIVE;
				CLANG_CXX_LANGUAGE_STANDARD = "gnu++14";
				CLANG_CXX_LIBRARY = "libc++";
				CLANG_ENABLE_MODULES = YES;
				CLANG_ENABLE_OBJC_ARC = YES;
				CLANG_ENABLE_OBJC_WEAK = YES;
				CLANG_WARN_BLOCK_CAPTURE_AUTORELEASING = YES;
				CLANG_WARN_BOOL_CONVERSION = YES;
				CLANG_WARN_COMMA = YES;
				CLANG_WARN_CONSTANT_CONVERSION = YES;
				CLANG_WARN_DEPRECATED_OBJC_IMPLEMENTATIONS = YES;
				CLANG_WARN_DIRECT_OBJC_ISA_USAGE = YES_ERROR;
				CLANG_WARN_DOCUMENTATION_COMMENTS = YES;
				CLANG_WARN_EMPTY_BODY = YES;
				CLANG_WARN_ENUM_CONVERSION = YES;
				CLANG_WARN_INFINITE_RECURSION = YES;
				CLANG_WARN_INT_CONVERSION = YES;
				CLANG_WARN_NON_LITERAL_NULL_CONVERSION = YES;
				CLANG_WARN_OBJC_IMPLICIT_RETAIN_SELF = YES;
				CLANG_WARN_OBJC_LITERAL_CONVERSION = YES;
				CLANG_WARN_OBJC_ROOT_CLASS = YES_ERROR;
				CLANG_WARN_RANGE_LOOP_ANALYSIS = YES;
				CLANG_WARN_STRICT_PROTOTYPES = YES;
				CLANG_WARN_SUSPICIOUS_MOVE = YES;
				CLANG_WARN_UNGUARDED_AVAILABILITY = YES_AGGRESSIVE;
				CLANG_WARN_UNREACHABLE_CODE = YES;
				CLANG_WARN__DUPLICATE_METHOD_MATCH = YES;
				COPY_PHASE_STRIP = NO;
				DEBUG_INFORMATION_FORMAT = dwarf;
				ENABLE_STRICT_OBJC_MSGSEND = YES;
				ENABLE_TESTABILITY = YES;
				GCC_C_LANGUAGE_STANDARD = gnu11;
				GCC_DYNAMIC_NO_PIC = NO;
				GCC_NO_COMMON_BLOCKS = YES;
				GCC_OPTIMIZATION_LEVEL = 0;
				GCC_PREPROCESSOR_DEFINITIONS = (
					"DEBUG=1",
					"$(inherited)",
				);
				GCC_WARN_64_TO_32_BIT_CONVERSION = YES;
				GCC_WARN_ABOUT_RETURN_TYPE = YES_ERROR;
				GCC_WARN_UNDECLARED_SELECTOR = YES;
				GCC_WARN_UNINITIALIZED_AUTOS = YES_AGGRESSIVE;
				GCC_WARN_UNUSED_FUNCTION = YES;
				GCC_WARN_UNUSED_VARIABLE = YES;
				IPHONEOS_DEPLOYMENT_TARGET = 13.2;
				MTL_ENABLE_DEBUG_INFO = INCLUDE_SOURCE;
				MTL_FAST_MATH = YES;
				ONLY_ACTIVE_ARCH = YES;
				SDKROOT = iphoneos;
				SWIFT_ACTIVE_COMPILATION_CONDITIONS = DEBUG;
				SWIFT_OPTIMIZATION_LEVEL = "-Onone";
			};
			name = Debug;
		};
		D303AA7124181D8F00AB8482 /* Release */ = {
			isa = XCBuildConfiguration;
			buildSettings = {
				ALWAYS_SEARCH_USER_PATHS = NO;
				CLANG_ANALYZER_NONNULL = YES;
				CLANG_ANALYZER_NUMBER_OBJECT_CONVERSION = YES_AGGRESSIVE;
				CLANG_CXX_LANGUAGE_STANDARD = "gnu++14";
				CLANG_CXX_LIBRARY = "libc++";
				CLANG_ENABLE_MODULES = YES;
				CLANG_ENABLE_OBJC_ARC = YES;
				CLANG_ENABLE_OBJC_WEAK = YES;
				CLANG_WARN_BLOCK_CAPTURE_AUTORELEASING = YES;
				CLANG_WARN_BOOL_CONVERSION = YES;
				CLANG_WARN_COMMA = YES;
				CLANG_WARN_CONSTANT_CONVERSION = YES;
				CLANG_WARN_DEPRECATED_OBJC_IMPLEMENTATIONS = YES;
				CLANG_WARN_DIRECT_OBJC_ISA_USAGE = YES_ERROR;
				CLANG_WARN_DOCUMENTATION_COMMENTS = YES;
				CLANG_WARN_EMPTY_BODY = YES;
				CLANG_WARN_ENUM_CONVERSION = YES;
				CLANG_WARN_INFINITE_RECURSION = YES;
				CLANG_WARN_INT_CONVERSION = YES;
				CLANG_WARN_NON_LITERAL_NULL_CONVERSION = YES;
				CLANG_WARN_OBJC_IMPLICIT_RETAIN_SELF = YES;
				CLANG_WARN_OBJC_LITERAL_CONVERSION = YES;
				CLANG_WARN_OBJC_ROOT_CLASS = YES_ERROR;
				CLANG_WARN_RANGE_LOOP_ANALYSIS = YES;
				CLANG_WARN_STRICT_PROTOTYPES = YES;
				CLANG_WARN_SUSPICIOUS_MOVE = YES;
				CLANG_WARN_UNGUARDED_AVAILABILITY = YES_AGGRESSIVE;
				CLANG_WARN_UNREACHABLE_CODE = YES;
				CLANG_WARN__DUPLICATE_METHOD_MATCH = YES;
				COPY_PHASE_STRIP = NO;
				DEBUG_INFORMATION_FORMAT = "dwarf-with-dsym";
				ENABLE_NS_ASSERTIONS = NO;
				ENABLE_STRICT_OBJC_MSGSEND = YES;
				GCC_C_LANGUAGE_STANDARD = gnu11;
				GCC_NO_COMMON_BLOCKS = YES;
				GCC_WARN_64_TO_32_BIT_CONVERSION = YES;
				GCC_WARN_ABOUT_RETURN_TYPE = YES_ERROR;
				GCC_WARN_UNDECLARED_SELECTOR = YES;
				GCC_WARN_UNINITIALIZED_AUTOS = YES_AGGRESSIVE;
				GCC_WARN_UNUSED_FUNCTION = YES;
				GCC_WARN_UNUSED_VARIABLE = YES;
				IPHONEOS_DEPLOYMENT_TARGET = 13.2;
				MTL_ENABLE_DEBUG_INFO = NO;
				MTL_FAST_MATH = YES;
				SDKROOT = iphoneos;
				SWIFT_COMPILATION_MODE = wholemodule;
				SWIFT_OPTIMIZATION_LEVEL = "-O";
				VALIDATE_PRODUCT = YES;
			};
			name = Release;
		};
		D303AA7324181D8F00AB8482 /* Debug */ = {
			isa = XCBuildConfiguration;
			buildSettings = {
				ASSETCATALOG_COMPILER_APPICON_NAME = AppIcon;
				CODE_SIGN_STYLE = Automatic;
				DEVELOPMENT_ASSET_PATHS = "\"Cal2/Preview Content\"";
				DEVELOPMENT_TEAM = 7J7R843574;
				ENABLE_PREVIEWS = YES;
				INFOPLIST_FILE = Cal2/Info.plist;
				LD_RUNPATH_SEARCH_PATHS = (
					"$(inherited)",
					"@executable_path/Frameworks",
				);
				PRODUCT_BUNDLE_IDENTIFIER = Dobuzi.Cal2;
				PRODUCT_NAME = "$(TARGET_NAME)";
				SWIFT_VERSION = 5.0;
				TARGETED_DEVICE_FAMILY = "1,2";
			};
			name = Debug;
		};
		D303AA7424181D8F00AB8482 /* Release */ = {
			isa = XCBuildConfiguration;
			buildSettings = {
				ASSETCATALOG_COMPILER_APPICON_NAME = AppIcon;
				CODE_SIGN_STYLE = Automatic;
				DEVELOPMENT_ASSET_PATHS = "\"Cal2/Preview Content\"";
				DEVELOPMENT_TEAM = 7J7R843574;
				ENABLE_PREVIEWS = YES;
				INFOPLIST_FILE = Cal2/Info.plist;
				LD_RUNPATH_SEARCH_PATHS = (
					"$(inherited)",
					"@executable_path/Frameworks",
				);
				PRODUCT_BUNDLE_IDENTIFIER = Dobuzi.Cal2;
				PRODUCT_NAME = "$(TARGET_NAME)";
				SWIFT_VERSION = 5.0;
				TARGETED_DEVICE_FAMILY = "1,2";
			};
			name = Release;
		};
		D303AA7624181D8F00AB8482 /* Debug */ = {
			isa = XCBuildConfiguration;
			buildSettings = {
				ALWAYS_EMBED_SWIFT_STANDARD_LIBRARIES = YES;
				BUNDLE_LOADER = "$(TEST_HOST)";
				CODE_SIGN_STYLE = Automatic;
				DEVELOPMENT_TEAM = 7J7R843574;
				INFOPLIST_FILE = Cal2Tests/Info.plist;
				IPHONEOS_DEPLOYMENT_TARGET = 13.2;
				LD_RUNPATH_SEARCH_PATHS = (
					"$(inherited)",
					"@executable_path/Frameworks",
					"@loader_path/Frameworks",
				);
				PRODUCT_BUNDLE_IDENTIFIER = Dobuzi.Cal2Tests;
				PRODUCT_NAME = "$(TARGET_NAME)";
				SWIFT_VERSION = 5.0;
				TARGETED_DEVICE_FAMILY = "1,2";
				TEST_HOST = "$(BUILT_PRODUCTS_DIR)/Cal2.app/Cal2";
			};
			name = Debug;
		};
		D303AA7724181D8F00AB8482 /* Release */ = {
			isa = XCBuildConfiguration;
			buildSettings = {
				ALWAYS_EMBED_SWIFT_STANDARD_LIBRARIES = YES;
				BUNDLE_LOADER = "$(TEST_HOST)";
				CODE_SIGN_STYLE = Automatic;
				DEVELOPMENT_TEAM = 7J7R843574;
				INFOPLIST_FILE = Cal2Tests/Info.plist;
				IPHONEOS_DEPLOYMENT_TARGET = 13.2;
				LD_RUNPATH_SEARCH_PATHS = (
					"$(inherited)",
					"@executable_path/Frameworks",
					"@loader_path/Frameworks",
				);
				PRODUCT_BUNDLE_IDENTIFIER = Dobuzi.Cal2Tests;
				PRODUCT_NAME = "$(TARGET_NAME)";
				SWIFT_VERSION = 5.0;
				TARGETED_DEVICE_FAMILY = "1,2";
				TEST_HOST = "$(BUILT_PRODUCTS_DIR)/Cal2.app/Cal2";
			};
			name = Release;
		};
		D303AA7924181D8F00AB8482 /* Debug */ = {
			isa = XCBuildConfiguration;
			buildSettings = {
				ALWAYS_EMBED_SWIFT_STANDARD_LIBRARIES = YES;
				CODE_SIGN_STYLE = Automatic;
				DEVELOPMENT_TEAM = 7J7R843574;
				INFOPLIST_FILE = Cal2UITests/Info.plist;
				LD_RUNPATH_SEARCH_PATHS = (
					"$(inherited)",
					"@executable_path/Frameworks",
					"@loader_path/Frameworks",
				);
				PRODUCT_BUNDLE_IDENTIFIER = Dobuzi.Cal2UITests;
				PRODUCT_NAME = "$(TARGET_NAME)";
				SWIFT_VERSION = 5.0;
				TARGETED_DEVICE_FAMILY = "1,2";
				TEST_TARGET_NAME = Cal2;
			};
			name = Debug;
		};
		D303AA7A24181D8F00AB8482 /* Release */ = {
			isa = XCBuildConfiguration;
			buildSettings = {
				ALWAYS_EMBED_SWIFT_STANDARD_LIBRARIES = YES;
				CODE_SIGN_STYLE = Automatic;
				DEVELOPMENT_TEAM = 7J7R843574;
				INFOPLIST_FILE = Cal2UITests/Info.plist;
				LD_RUNPATH_SEARCH_PATHS = (
					"$(inherited)",
					"@executable_path/Frameworks",
					"@loader_path/Frameworks",
				);
				PRODUCT_BUNDLE_IDENTIFIER = Dobuzi.Cal2UITests;
				PRODUCT_NAME = "$(TARGET_NAME)";
				SWIFT_VERSION = 5.0;
				TARGETED_DEVICE_FAMILY = "1,2";
				TEST_TARGET_NAME = Cal2;
			};
			name = Release;
		};
/* End XCBuildConfiguration section */

/* Begin XCConfigurationList section */
		D303AA4324181D8700AB8482 /* Build configuration list for PBXProject "Cal2" */ = {
			isa = XCConfigurationList;
			buildConfigurations = (
				D303AA7024181D8F00AB8482 /* Debug */,
				D303AA7124181D8F00AB8482 /* Release */,
			);
			defaultConfigurationIsVisible = 0;
			defaultConfigurationName = Release;
		};
		D303AA7224181D8F00AB8482 /* Build configuration list for PBXNativeTarget "Cal2" */ = {
			isa = XCConfigurationList;
			buildConfigurations = (
				D303AA7324181D8F00AB8482 /* Debug */,
				D303AA7424181D8F00AB8482 /* Release */,
			);
			defaultConfigurationIsVisible = 0;
			defaultConfigurationName = Release;
		};
		D303AA7524181D8F00AB8482 /* Build configuration list for PBXNativeTarget "Cal2Tests" */ = {
			isa = XCConfigurationList;
			buildConfigurations = (
				D303AA7624181D8F00AB8482 /* Debug */,
				D303AA7724181D8F00AB8482 /* Release */,
			);
			defaultConfigurationIsVisible = 0;
			defaultConfigurationName = Release;
		};
		D303AA7824181D8F00AB8482 /* Build configuration list for PBXNativeTarget "Cal2UITests" */ = {
			isa = XCConfigurationList;
			buildConfigurations = (
				D303AA7924181D8F00AB8482 /* Debug */,
				D303AA7A24181D8F00AB8482 /* Release */,
			);
			defaultConfigurationIsVisible = 0;
			defaultConfigurationName = Release;
		};
/* End XCConfigurationList section */
	};
	rootObject = D303AA4024181D8700AB8482 /* Project object */;
}
